
Microsoft Visual Studio Solution File, Format Version 12.00
# Visual Studio Version 16
VisualStudioVersion = 16.0.31729.503
MinimumVisualStudioVersion = 10.0.40219.1
Project("{FAE04EC0-301F-11D3-BF4B-00C04F79EFBC}") = "css wh external", "css wh external\css wh external.csproj", "{B2901287-7115-4760-B08B-258E6BBDDCC6}"
EndProject
Global
	GlobalSection(SolutionConfigurationPlatforms) = preSolution
		Debug|Any CPU = Debug|Any CPU
		Release|Any CPU = Release|Any CPU
	EndGlobalSection
	GlobalSection(ProjectConfigurationPlatforms) = postSolution
		{B2901287-7115-4760-B08B-258E6BBDDCC6}.Debug|Any CPU.ActiveCfg = Debug|Any CPU
		{B2901287-7115-4760-B08B-258E6BBDDCC6}.Debug|Any CPU.Build.0 = Debug|Any CPU
		{B2901287-7115-4760-B08B-258E6BBDDCC6}.Release|Any CPU.ActiveCfg = Release|Any CPU
		{B2901287-7115-4760-B08B-258E6BBDDCC6}.Release|Any CPU.Build.0 = Release|Any CPU
	EndGlobalSection
	GlobalSection(SolutionProperties) = preSolution
		HideSolutionNode = FALSE
	EndGlobalSection
	GlobalSection(ExtensibilityGlobals) = postSolution
		SolutionGuid = {E648D9C5-43DB-4ED6-9536-35A09A808021}
	EndGlobalSection
EndGlobal
